
Microsoft Visual Studio Solution File, Format Version 12.00
# Visual Studio Version 17
VisualStudioVersion = 17.7.34221.43
MinimumVisualStudioVersion = 10.0.40219.1
Project("{9A19103F-16F7-4668-BE54-9A1E7A4F7556}") = "ListasExercicio", "ListasExercicio\ListasExercicio.csproj", "{25473E01-67C8-4BA9-B4B3-17E89F46947D}"
EndProject
Project("{9A19103F-16F7-4668-BE54-9A1E7A4F7556}") = "List2", "List2\List2.csproj", "{FB4055B2-BC56-4006-B48A-746FE84C2884}"
EndProject
Project("{9A19103F-16F7-4668-BE54-9A1E7A4F7556}") = "list3", "list3\list3.csproj", "{A3A96DDE-2585-4FA1-B53D-D31075236881}"
EndProject
Project("{FAE04EC0-301F-11D3-BF4B-00C04F79EFBC}") = "list4", "list4\list4.csproj", "{5321193E-F8BA-465A-8E3B-C6C49F62B5F8}"
EndProject
Project("{FAE04EC0-301F-11D3-BF4B-00C04F79EFBC}") = "List5", "List5\List5.csproj", "{B7BB5DFE-5612-4C25-96C4-64CF840A1C14}"
EndProject
Project("{FAE04EC0-301F-11D3-BF4B-00C04F79EFBC}") = "List6", "List6\List6.csproj", "{7EDC2D7D-1B2C-434C-9CE0-DDD2735D3022}"
EndProject
Project("{FAE04EC0-301F-11D3-BF4B-00C04F79EFBC}") = "List7", "List7\List7.csproj", "{7ACD89D6-193F-423D-80C6-13797E32DC93}"
EndProject
Project("{FAE04EC0-301F-11D3-BF4B-00C04F79EFBC}") = "List8", "List8\List8.csproj", "{CFE112FE-C8A9-4C86-A0CB-B1149C065A85}"
EndProject
Project("{FAE04EC0-301F-11D3-BF4B-00C04F79EFBC}") = "List9", "List9\List9.csproj", "{5B1C0ECF-C212-476F-A47A-294F9912D27E}"
EndProject
Project("{FAE04EC0-301F-11D3-BF4B-00C04F79EFBC}") = "List10", "List10\List10.csproj", "{58199D97-752E-4ECE-B5CB-16584D183E6D}"
EndProject
Project("{FAE04EC0-301F-11D3-BF4B-00C04F79EFBC}") = "List11", "List11\List11.csproj", "{C5144945-4028-4B79-B3D8-64EB300E0518}"
EndProject
Project("{FAE04EC0-301F-11D3-BF4B-00C04F79EFBC}") = "List12", "List12\List12.csproj", "{F0CA5F5A-375C-4BB9-9E76-E963EAB076F5}"
EndProject
Project("{FAE04EC0-301F-11D3-BF4B-00C04F79EFBC}") = "List13", "List13\List13.csproj", "{2CC94374-724E-4C9F-A0A2-91FCC8715FB8}"
EndProject
Project("{FAE04EC0-301F-11D3-BF4B-00C04F79EFBC}") = "List14", "List14\List14.csproj", "{5B00A161-FDCF-4A44-A260-76E7360880F5}"
EndProject
Project("{FAE04EC0-301F-11D3-BF4B-00C04F79EFBC}") = "List15", "List15\List15.csproj", "{3D09945F-7BAB-4FD9-BBF7-508E43A6D72E}"
EndProject
Project("{FAE04EC0-301F-11D3-BF4B-00C04F79EFBC}") = "desaClass1", "desaClass1\desaClass1.csproj", "{A5D21869-EC7F-4309-A9AA-9F83127B5C7E}"
EndProject
Project("{FAE04EC0-301F-11D3-BF4B-00C04F79EFBC}") = "desaClass2", "desaClass2\desaClass2.csproj", "{CEF1CB12-1506-42F0-90EE-985CE25E761C}"
EndProject
Project("{FAE04EC0-301F-11D3-BF4B-00C04F79EFBC}") = "desaClass3", "desaClass3\desaClass3.csproj", "{8EDBF057-B704-4C8E-966A-F1D39CCE67F5}"
EndProject
Project("{FAE04EC0-301F-11D3-BF4B-00C04F79EFBC}") = "desaClass4", "desaClass4\desaClass4.csproj", "{EE44D41E-4E61-4049-9CE4-3047483F57A2}"
EndProject
Global
	GlobalSection(SolutionConfigurationPlatforms) = preSolution
		Debug|Any CPU = Debug|Any CPU
		Release|Any CPU = Release|Any CPU
	EndGlobalSection
	GlobalSection(ProjectConfigurationPlatforms) = postSolution
		{25473E01-67C8-4BA9-B4B3-17E89F46947D}.Debug|Any CPU.ActiveCfg = Debug|Any CPU
		{25473E01-67C8-4BA9-B4B3-17E89F46947D}.Debug|Any CPU.Build.0 = Debug|Any CPU
		{25473E01-67C8-4BA9-B4B3-17E89F46947D}.Release|Any CPU.ActiveCfg = Release|Any CPU
		{25473E01-67C8-4BA9-B4B3-17E89F46947D}.Release|Any CPU.Build.0 = Release|Any CPU
		{FB4055B2-BC56-4006-B48A-746FE84C2884}.Debug|Any CPU.ActiveCfg = Debug|Any CPU
		{FB4055B2-BC56-4006-B48A-746FE84C2884}.Debug|Any CPU.Build.0 = Debug|Any CPU
		{FB4055B2-BC56-4006-B48A-746FE84C2884}.Release|Any CPU.ActiveCfg = Release|Any CPU
		{FB4055B2-BC56-4006-B48A-746FE84C2884}.Release|Any CPU.Build.0 = Release|Any CPU
		{A3A96DDE-2585-4FA1-B53D-D31075236881}.Debug|Any CPU.ActiveCfg = Debug|Any CPU
		{A3A96DDE-2585-4FA1-B53D-D31075236881}.Debug|Any CPU.Build.0 = Debug|Any CPU
		{A3A96DDE-2585-4FA1-B53D-D31075236881}.Release|Any CPU.ActiveCfg = Release|Any CPU
		{A3A96DDE-2585-4FA1-B53D-D31075236881}.Release|Any CPU.Build.0 = Release|Any CPU
		{5321193E-F8BA-465A-8E3B-C6C49F62B5F8}.Debug|Any CPU.ActiveCfg = Debug|Any CPU
		{5321193E-F8BA-465A-8E3B-C6C49F62B5F8}.Debug|Any CPU.Build.0 = Debug|Any CPU
		{5321193E-F8BA-465A-8E3B-C6C49F62B5F8}.Release|Any CPU.ActiveCfg = Release|Any CPU
		{5321193E-F8BA-465A-8E3B-C6C49F62B5F8}.Release|Any CPU.Build.0 = Release|Any CPU
		{B7BB5DFE-5612-4C25-96C4-64CF840A1C14}.Debug|Any CPU.ActiveCfg = Debug|Any CPU
		{B7BB5DFE-5612-4C25-96C4-64CF840A1C14}.Debug|Any CPU.Build.0 = Debug|Any CPU
		{B7BB5DFE-5612-4C25-96C4-64CF840A1C14}.Release|Any CPU.ActiveCfg = Release|Any CPU
		{B7BB5DFE-5612-4C25-96C4-64CF840A1C14}.Release|Any CPU.Build.0 = Release|Any CPU
		{7EDC2D7D-1B2C-434C-9CE0-DDD2735D3022}.Debug|Any CPU.ActiveCfg = Debug|Any CPU
		{7EDC2D7D-1B2C-434C-9CE0-DDD2735D3022}.Debug|Any CPU.Build.0 = Debug|Any CPU
		{7EDC2D7D-1B2C-434C-9CE0-DDD2735D3022}.Release|Any CPU.ActiveCfg = Release|Any CPU
		{7EDC2D7D-1B2C-434C-9CE0-DDD2735D3022}.Release|Any CPU.Build.0 = Release|Any CPU
		{7ACD89D6-193F-423D-80C6-13797E32DC93}.Debug|Any CPU.ActiveCfg = Debug|Any CPU
		{7ACD89D6-193F-423D-80C6-13797E32DC93}.Debug|Any CPU.Build.0 = Debug|Any CPU
		{7ACD89D6-193F-423D-80C6-13797E32DC93}.Release|Any CPU.ActiveCfg = Release|Any CPU
		{7ACD89D6-193F-423D-80C6-13797E32DC93}.Release|Any CPU.Build.0 = Release|Any CPU
		{CFE112FE-C8A9-4C86-A0CB-B1149C065A85}.Debug|Any CPU.ActiveCfg = Debug|Any CPU
		{CFE112FE-C8A9-4C86-A0CB-B1149C065A85}.Debug|Any CPU.Build.0 = Debug|Any CPU
		{CFE112FE-C8A9-4C86-A0CB-B1149C065A85}.Release|Any CPU.ActiveCfg = Release|Any CPU
		{CFE112FE-C8A9-4C86-A0CB-B1149C065A85}.Release|Any CPU.Build.0 = Release|Any CPU
		{5B1C0ECF-C212-476F-A47A-294F9912D27E}.Debug|Any CPU.ActiveCfg = Debug|Any CPU
		{5B1C0ECF-C212-476F-A47A-294F9912D27E}.Debug|Any CPU.Build.0 = Debug|Any CPU
		{5B1C0ECF-C212-476F-A47A-294F9912D27E}.Release|Any CPU.ActiveCfg = Release|Any CPU
		{5B1C0ECF-C212-476F-A47A-294F9912D27E}.Release|Any CPU.Build.0 = Release|Any CPU
		{58199D97-752E-4ECE-B5CB-16584D183E6D}.Debug|Any CPU.ActiveCfg = Debug|Any CPU
		{58199D97-752E-4ECE-B5CB-16584D183E6D}.Debug|Any CPU.Build.0 = Debug|Any CPU
		{58199D97-752E-4ECE-B5CB-16584D183E6D}.Release|Any CPU.ActiveCfg = Release|Any CPU
		{58199D97-752E-4ECE-B5CB-16584D183E6D}.Release|Any CPU.Build.0 = Release|Any CPU
		{C5144945-4028-4B79-B3D8-64EB300E0518}.Debug|Any CPU.ActiveCfg = Debug|Any CPU
		{C5144945-4028-4B79-B3D8-64EB300E0518}.Debug|Any CPU.Build.0 = Debug|Any CPU
		{C5144945-4028-4B79-B3D8-64EB300E0518}.Release|Any CPU.ActiveCfg = Release|Any CPU
		{C5144945-4028-4B79-B3D8-64EB300E0518}.Release|Any CPU.Build.0 = Release|Any CPU
		{F0CA5F5A-375C-4BB9-9E76-E963EAB076F5}.Debug|Any CPU.ActiveCfg = Debug|Any CPU
		{F0CA5F5A-375C-4BB9-9E76-E963EAB076F5}.Debug|Any CPU.Build.0 = Debug|Any CPU
		{F0CA5F5A-375C-4BB9-9E76-E963EAB076F5}.Release|Any CPU.ActiveCfg = Release|Any CPU
		{F0CA5F5A-375C-4BB9-9E76-E963EAB076F5}.Release|Any CPU.Build.0 = Release|Any CPU
		{2CC94374-724E-4C9F-A0A2-91FCC8715FB8}.Debug|Any CPU.ActiveCfg = Debug|Any CPU
		{2CC94374-724E-4C9F-A0A2-91FCC8715FB8}.Debug|Any CPU.Build.0 = Debug|Any CPU
		{2CC94374-724E-4C9F-A0A2-91FCC8715FB8}.Release|Any CPU.ActiveCfg = Release|Any CPU
		{2CC94374-724E-4C9F-A0A2-91FCC8715FB8}.Release|Any CPU.Build.0 = Release|Any CPU
		{5B00A161-FDCF-4A44-A260-76E7360880F5}.Debug|Any CPU.ActiveCfg = Debug|Any CPU
		{5B00A161-FDCF-4A44-A260-76E7360880F5}.Debug|Any CPU.Build.0 = Debug|Any CPU
		{5B00A161-FDCF-4A44-A260-76E7360880F5}.Release|Any CPU.ActiveCfg = Release|Any CPU
		{5B00A161-FDCF-4A44-A260-76E7360880F5}.Release|Any CPU.Build.0 = Release|Any CPU
		{3D09945F-7BAB-4FD9-BBF7-508E43A6D72E}.Debug|Any CPU.ActiveCfg = Debug|Any CPU
		{3D09945F-7BAB-4FD9-BBF7-508E43A6D72E}.Debug|Any CPU.Build.0 = Debug|Any CPU
		{3D09945F-7BAB-4FD9-BBF7-508E43A6D72E}.Release|Any CPU.ActiveCfg = Release|Any CPU
		{3D09945F-7BAB-4FD9-BBF7-508E43A6D72E}.Release|Any CPU.Build.0 = Release|Any CPU
		{A5D21869-EC7F-4309-A9AA-9F83127B5C7E}.Debug|Any CPU.ActiveCfg = Debug|Any CPU
		{A5D21869-EC7F-4309-A9AA-9F83127B5C7E}.Debug|Any CPU.Build.0 = Debug|Any CPU
		{A5D21869-EC7F-4309-A9AA-9F83127B5C7E}.Release|Any CPU.ActiveCfg = Release|Any CPU
		{A5D21869-EC7F-4309-A9AA-9F83127B5C7E}.Release|Any CPU.Build.0 = Release|Any CPU
		{CEF1CB12-1506-42F0-90EE-985CE25E761C}.Debug|Any CPU.ActiveCfg = Debug|Any CPU
		{CEF1CB12-1506-42F0-90EE-985CE25E761C}.Debug|Any CPU.Build.0 = Debug|Any CPU
		{CEF1CB12-1506-42F0-90EE-985CE25E761C}.Release|Any CPU.ActiveCfg = Release|Any CPU
		{CEF1CB12-1506-42F0-90EE-985CE25E761C}.Release|Any CPU.Build.0 = Release|Any CPU
		{8EDBF057-B704-4C8E-966A-F1D39CCE67F5}.Debug|Any CPU.ActiveCfg = Debug|Any CPU
		{8EDBF057-B704-4C8E-966A-F1D39CCE67F5}.Debug|Any CPU.Build.0 = Debug|Any CPU
		{8EDBF057-B704-4C8E-966A-F1D39CCE67F5}.Release|Any CPU.ActiveCfg = Release|Any CPU
		{8EDBF057-B704-4C8E-966A-F1D39CCE67F5}.Release|Any CPU.Build.0 = Release|Any CPU
		{EE44D41E-4E61-4049-9CE4-3047483F57A2}.Debug|Any CPU.ActiveCfg = Debug|Any CPU
		{EE44D41E-4E61-4049-9CE4-3047483F57A2}.Debug|Any CPU.Build.0 = Debug|Any CPU
		{EE44D41E-4E61-4049-9CE4-3047483F57A2}.Release|Any CPU.ActiveCfg = Release|Any CPU
		{EE44D41E-4E61-4049-9CE4-3047483F57A2}.Release|Any CPU.Build.0 = Release|Any CPU
	EndGlobalSection
	GlobalSection(SolutionProperties) = preSolution
		HideSolutionNode = FALSE
	EndGlobalSection
	GlobalSection(ExtensibilityGlobals) = postSolution
		SolutionGuid = {801CF29D-E1EE-405E-8A26-469DBE2ED151}
	EndGlobalSection
EndGlobal
